
Microsoft Visual Studio Solution File, Format Version 12.00
# Visual Studio Version 16
VisualStudioVersion = 16.0.30413.136
MinimumVisualStudioVersion = 10.0.40219.1
Project("{FAE04EC0-301F-11D3-BF4B-00C04F79EFBC}") = "SignaturePad", "SignaturePad\SignaturePad.csproj", "{3F250D02-0ABB-462F-80F5-31D760AEEE31}"
EndProject
Global
	GlobalSection(SolutionConfigurationPlatforms) = preSolution
		Debug|Any CPU = Debug|Any CPU
		Release|Any CPU = Release|Any CPU
	EndGlobalSection
	GlobalSection(ProjectConfigurationPlatforms) = postSolution
		{3F250D02-0ABB-462F-80F5-31D760AEEE31}.Debug|Any CPU.ActiveCfg = Debug|Any CPU
		{3F250D02-0ABB-462F-80F5-31D760AEEE31}.Debug|Any CPU.Build.0 = Debug|Any CPU
		{3F250D02-0ABB-462F-80F5-31D760AEEE31}.Debug|Any CPU.Deploy.0 = Debug|Any CPU
		{3F250D02-0ABB-462F-80F5-31D760AEEE31}.Release|Any CPU.ActiveCfg = Release|Any CPU
		{3F250D02-0ABB-462F-80F5-31D760AEEE31}.Release|Any CPU.Build.0 = Release|Any CPU
		{3F250D02-0ABB-462F-80F5-31D760AEEE31}.Release|Any CPU.Deploy.0 = Release|Any CPU
	EndGlobalSection
	GlobalSection(SolutionProperties) = preSolution
		HideSolutionNode = FALSE
	EndGlobalSection
	GlobalSection(ExtensibilityGlobals) = postSolution
		SolutionGuid = {2789F2B7-DE82-4C64-BF70-8E65B204B99C}
	EndGlobalSection
EndGlobal
